// !$*UTF8*$!
{
	archiveVersion = 1;
	classes = {
	};
	objectVersion = 54;
	objects = {

/* Begin PBXBuildFile section */
		0ADB539B7D106343F158BE4A /* Pods_TikTok.framework in Frameworks */ = {isa = PBXBuildFile; fileRef = 326CAD699556F40496E0FA41 /* Pods_TikTok.framework */; };
		18B8D0A329A3698500867EF2 /* AppDelegate.swift in Sources */ = {isa = PBXBuildFile; fileRef = 18B8D0A229A3698500867EF2 /* AppDelegate.swift */; };
		18B8D0A529A3698500867EF2 /* SceneDelegate.swift in Sources */ = {isa = PBXBuildFile; fileRef = 18B8D0A429A3698500867EF2 /* SceneDelegate.swift */; };
		18B8D0A729A3698500867EF2 /* ViewController.swift in Sources */ = {isa = PBXBuildFile; fileRef = 18B8D0A629A3698500867EF2 /* ViewController.swift */; };
		18B8D0AA29A3698500867EF2 /* Main.storyboard in Resources */ = {isa = PBXBuildFile; fileRef = 18B8D0A829A3698500867EF2 /* Main.storyboard */; };
		18B8D0AC29A3698800867EF2 /* Assets.xcassets in Resources */ = {isa = PBXBuildFile; fileRef = 18B8D0AB29A3698800867EF2 /* Assets.xcassets */; };
		18B8D0AF29A3698800867EF2 /* LaunchScreen.storyboard in Resources */ = {isa = PBXBuildFile; fileRef = 18B8D0AD29A3698800867EF2 /* LaunchScreen.storyboard */; };
		18B8D0BC29A369D900867EF2 /* TiktokColCVC.swift in Sources */ = {isa = PBXBuildFile; fileRef = 18B8D0B629A369D900867EF2 /* TiktokColCVC.swift */; };
		18B8D0BE29A369D900867EF2 /* VideoModel.swift in Sources */ = {isa = PBXBuildFile; fileRef = 18B8D0B829A369D900867EF2 /* VideoModel.swift */; };
		18B8D0BF29A369D900867EF2 /* TiktokColCVC.xib in Resources */ = {isa = PBXBuildFile; fileRef = 18B8D0B929A369D900867EF2 /* TiktokColCVC.xib */; };
		18B8D0C029A369D900867EF2 /* TiktokVC.swift in Sources */ = {isa = PBXBuildFile; fileRef = 18B8D0BA29A369D900867EF2 /* TiktokVC.swift */; };
		18B8D0C129A369D900867EF2 /* videos.json in Resources */ = {isa = PBXBuildFile; fileRef = 18B8D0BB29A369D900867EF2 /* videos.json */; };
/* End PBXBuildFile section */

/* Begin PBXFileReference section */
		18B8D09F29A3698500867EF2 /* TikTok.app */ = {isa = PBXFileReference; explicitFileType = wrapper.application; includeInIndex = 0; path = TikTok.app; sourceTree = BUILT_PRODUCTS_DIR; };
		18B8D0A229A3698500867EF2 /* AppDelegate.swift */ = {isa = PBXFileReference; lastKnownFileType = sourcecode.swift; path = AppDelegate.swift; sourceTree = "<group>"; };
		18B8D0A429A3698500867EF2 /* SceneDelegate.swift */ = {isa = PBXFileReference; lastKnownFileType = sourcecode.swift; path = SceneDelegate.swift; sourceTree = "<group>"; };
		18B8D0A629A3698500867EF2 /* ViewController.swift */ = {isa = PBXFileReference; lastKnownFileType = sourcecode.swift; path = ViewController.swift; sourceTree = "<group>"; };
		18B8D0A929A3698500867EF2 /* Base */ = {isa = PBXFileReference; lastKnownFileType = file.storyboard; name = Base; path = Base.lproj/Main.storyboard; sourceTree = "<group>"; };
		18B8D0AB29A3698800867EF2 /* Assets.xcassets */ = {isa = PBXFileReference; lastKnownFileType = folder.assetcatalog; path = Assets.xcassets; sourceTree = "<group>"; };
		18B8D0AE29A3698800867EF2 /* Base */ = {isa = PBXFileReference; lastKnownFileType = file.storyboard; name = Base; path = Base.lproj/LaunchScreen.storyboard; sourceTree = "<group>"; };
		18B8D0B029A3698800867EF2 /* Info.plist */ = {isa = PBXFileReference; lastKnownFileType = text.plist.xml; path = Info.plist; sourceTree = "<group>"; };
		18B8D0B629A369D900867EF2 /* TiktokColCVC.swift */ = {isa = PBXFileReference; fileEncoding = 4; lastKnownFileType = sourcecode.swift; path = TiktokColCVC.swift; sourceTree = "<group>"; };
		18B8D0B829A369D900867EF2 /* VideoModel.swift */ = {isa = PBXFileReference; fileEncoding = 4; lastKnownFileType = sourcecode.swift; path = VideoModel.swift; sourceTree = "<group>"; };
		18B8D0B929A369D900867EF2 /* TiktokColCVC.xib */ = {isa = PBXFileReference; fileEncoding = 4; lastKnownFileType = file.xib; path = TiktokColCVC.xib; sourceTree = "<group>"; };
		18B8D0BA29A369D900867EF2 /* TiktokVC.swift */ = {isa = PBXFileReference; fileEncoding = 4; lastKnownFileType = sourcecode.swift; path = TiktokVC.swift; sourceTree = "<group>"; };
		18B8D0BB29A369D900867EF2 /* videos.json */ = {isa = PBXFileReference; fileEncoding = 4; lastKnownFileType = text.json; path = videos.json; sourceTree = "<group>"; };
		2342CF166A621719434F2159 /* Pods-TikTok.debug.xcconfig */ = {isa = PBXFileReference; includeInIndex = 1; lastKnownFileType = text.xcconfig; name = "Pods-TikTok.debug.xcconfig"; path = "Target Support Files/Pods-TikTok/Pods-TikTok.debug.xcconfig"; sourceTree = "<group>"; };
		326CAD699556F40496E0FA41 /* Pods_TikTok.framework */ = {isa = PBXFileReference; explicitFileType = wrapper.framework; includeInIndex = 0; path = Pods_TikTok.framework; sourceTree = BUILT_PRODUCTS_DIR; };
		947961FBB0821783E3BAC0DE /* Pods-TikTok.release.xcconfig */ = {isa = PBXFileReference; includeInIndex = 1; lastKnownFileType = text.xcconfig; name = "Pods-TikTok.release.xcconfig"; path = "Target Support Files/Pods-TikTok/Pods-TikTok.release.xcconfig"; sourceTree = "<group>"; };
/* End PBXFileReference section */

/* Begin PBXFrameworksBuildPhase section */
		18B8D09C29A3698500867EF2 /* Frameworks */ = {
			isa = PBXFrameworksBuildPhase;
			buildActionMask = 2147483647;
			files = (
				0ADB539B7D106343F158BE4A /* Pods_TikTok.framework in Frameworks */,
			);
			runOnlyForDeploymentPostprocessing = 0;
		};
/* End PBXFrameworksBuildPhase section */

/* Begin PBXGroup section */
		18B8D09629A3698500867EF2 = {
			isa = PBXGroup;
			children = (
				18B8D0A129A3698500867EF2 /* TikTok */,
				18B8D0A029A3698500867EF2 /* Products */,
				63BF7F6A70AB1002F76F7908 /* Pods */,
				AAFC06DE08F38BF39E6F281C /* Frameworks */,
			);
			sourceTree = "<group>";
		};
		18B8D0A029A3698500867EF2 /* Products */ = {
			isa = PBXGroup;
			children = (
				18B8D09F29A3698500867EF2 /* TikTok.app */,
			);
			name = Products;
			sourceTree = "<group>";
		};
		18B8D0A129A3698500867EF2 /* TikTok */ = {
			isa = PBXGroup;
			children = (
				18B8D0A229A3698500867EF2 /* AppDelegate.swift */,
				18B8D0A429A3698500867EF2 /* SceneDelegate.swift */,
				C449A2F929A49E2900E8B657 /* ViewController */,
				C449A2FB29A49E3E00E8B657 /* View */,
				C449A2FD29A49E4800E8B657 /* Model */,
				C449A2FE29A49E4E00E8B657 /* Resources */,
				18B8D0A829A3698500867EF2 /* Main.storyboard */,
				18B8D0AB29A3698800867EF2 /* Assets.xcassets */,
				18B8D0AD29A3698800867EF2 /* LaunchScreen.storyboard */,
				18B8D0B029A3698800867EF2 /* Info.plist */,
			);
			path = TikTok;
			sourceTree = "<group>";
		};
		63BF7F6A70AB1002F76F7908 /* Pods */ = {
			isa = PBXGroup;
			children = (
				2342CF166A621719434F2159 /* Pods-TikTok.debug.xcconfig */,
				947961FBB0821783E3BAC0DE /* Pods-TikTok.release.xcconfig */,
			);
			path = Pods;
			sourceTree = "<group>";
		};
		AAFC06DE08F38BF39E6F281C /* Frameworks */ = {
			isa = PBXGroup;
			children = (
				326CAD699556F40496E0FA41 /* Pods_TikTok.framework */,
			);
			name = Frameworks;
			sourceTree = "<group>";
		};
		C449A2F929A49E2900E8B657 /* ViewController */ = {
			isa = PBXGroup;
			children = (
				18B8D0BA29A369D900867EF2 /* TiktokVC.swift */,
				18B8D0A629A3698500867EF2 /* ViewController.swift */,
			);
			path = ViewController;
			sourceTree = "<group>";
		};
		C449A2FB29A49E3E00E8B657 /* View */ = {
			isa = PBXGroup;
			children = (
				18B8D0B629A369D900867EF2 /* TiktokColCVC.swift */,
				18B8D0B929A369D900867EF2 /* TiktokColCVC.xib */,
			);
			path = View;
			sourceTree = "<group>";
		};
		C449A2FD29A49E4800E8B657 /* Model */ = {
			isa = PBXGroup;
			children = (
				18B8D0B829A369D900867EF2 /* VideoModel.swift */,
			);
			path = Model;
			sourceTree = "<group>";
		};
		C449A2FE29A49E4E00E8B657 /* Resources */ = {
			isa = PBXGroup;
			children = (
				18B8D0BB29A369D900867EF2 /* videos.json */,
			);
			path = Resources;
			sourceTree = "<group>";
		};
/* End PBXGroup section */

/* Begin PBXNativeTarget section */
		18B8D09E29A3698500867EF2 /* TikTok */ = {
			isa = PBXNativeTarget;
			buildConfigurationList = 18B8D0B329A3698800867EF2 /* Build configuration list for PBXNativeTarget "TikTok" */;
			buildPhases = (
				A07923F172FD27CB2DD498F3 /* [CP] Check Pods Manifest.lock */,
				18B8D09B29A3698500867EF2 /* Sources */,
				18B8D09C29A3698500867EF2 /* Frameworks */,
				18B8D09D29A3698500867EF2 /* Resources */,
				93C241CA25C65DF3E1FF1697 /* [CP] Embed Pods Frameworks */,
			);
			buildRules = (
			);
			dependencies = (
			);
			name = TikTok;
			productName = TikTok;
			productReference = 18B8D09F29A3698500867EF2 /* TikTok.app */;
			productType = "com.apple.product-type.application";
		};
/* End PBXNativeTarget section */

/* Begin PBXProject section */
		18B8D09729A3698500867EF2 /* Project object */ = {
			isa = PBXProject;
			attributes = {
				BuildIndependentTargetsInParallel = 1;
				LastSwiftUpdateCheck = 1400;
				LastUpgradeCheck = 1400;
				TargetAttributes = {
					18B8D09E29A3698500867EF2 = {
						CreatedOnToolsVersion = 14.0;
					};
				};
			};
			buildConfigurationList = 18B8D09A29A3698500867EF2 /* Build configuration list for PBXProject "TikTok" */;
			compatibilityVersion = "Xcode 12.0";
			developmentRegion = en;
			hasScannedForEncodings = 0;
			knownRegions = (
				en,
				Base,
			);
			mainGroup = 18B8D09629A3698500867EF2;
			productRefGroup = 18B8D0A029A3698500867EF2 /* Products */;
			projectDirPath = "";
			projectRoot = "";
			targets = (
				18B8D09E29A3698500867EF2 /* TikTok */,
			);
		};
/* End PBXProject section */

/* Begin PBXResourcesBuildPhase section */
		18B8D09D29A3698500867EF2 /* Resources */ = {
			isa = PBXResourcesBuildPhase;
			buildActionMask = 2147483647;
			files = (
				18B8D0AF29A3698800867EF2 /* LaunchScreen.storyboard in Resources */,
				18B8D0BF29A369D900867EF2 /* TiktokColCVC.xib in Resources */,
				18B8D0C129A369D900867EF2 /* videos.json in Resources */,
				18B8D0AC29A3698800867EF2 /* Assets.xcassets in Resources */,
				18B8D0AA29A3698500867EF2 /* Main.storyboard in Resources */,
			);
			runOnlyForDeploymentPostprocessing = 0;
		};
/* End PBXResourcesBuildPhase section */

/* Begin PBXShellScriptBuildPhase section */
		93C241CA25C65DF3E1FF1697 /* [CP] Embed Pods Frameworks */ = {
			isa = PBXShellScriptBuildPhase;
			buildActionMask = 2147483647;
			files = (
			);
			inputFileListPaths = (
				"${PODS_ROOT}/Target Support Files/Pods-TikTok/Pods-TikTok-frameworks-${CONFIGURATION}-input-files.xcfilelist",
			);
			name = "[CP] Embed Pods Frameworks";
			outputFileListPaths = (
				"${PODS_ROOT}/Target Support Files/Pods-TikTok/Pods-TikTok-frameworks-${CONFIGURATION}-output-files.xcfilelist",
			);
			runOnlyForDeploymentPostprocessing = 0;
			shellPath = /bin/sh;
			shellScript = "\"${PODS_ROOT}/Target Support Files/Pods-TikTok/Pods-TikTok-frameworks.sh\"\n";
			showEnvVarsInLog = 0;
		};
		A07923F172FD27CB2DD498F3 /* [CP] Check Pods Manifest.lock */ = {
			isa = PBXShellScriptBuildPhase;
			buildActionMask = 2147483647;
			files = (
			);
			inputFileListPaths = (
			);
			inputPaths = (
				"${PODS_PODFILE_DIR_PATH}/Podfile.lock",
				"${PODS_ROOT}/Manifest.lock",
			);
			name = "[CP] Check Pods Manifest.lock";
			outputFileListPaths = (
			);
			outputPaths = (
				"$(DERIVED_FILE_DIR)/Pods-TikTok-checkManifestLockResult.txt",
			);
			runOnlyForDeploymentPostprocessing = 0;
			shellPath = /bin/sh;
			shellScript = "diff \"${PODS_PODFILE_DIR_PATH}/Podfile.lock\" \"${PODS_ROOT}/Manifest.lock\" > /dev/null\nif [ $? != 0 ] ; then\n    # print error to STDERR\n    echo \"error: The sandbox is not in sync with the Podfile.lock. Run 'pod install' or update your CocoaPods installation.\" >&2\n    exit 1\nfi\n# This output is used by Xcode 'outputs' to avoid re-running this script phase.\necho \"SUCCESS\" > \"${SCRIPT_OUTPUT_FILE_0}\"\n";
			showEnvVarsInLog = 0;
		};
/* End PBXShellScriptBuildPhase section */

/* Begin PBXSourcesBuildPhase section */
		18B8D09B29A3698500867EF2 /* Sources */ = {
			isa = PBXSourcesBuildPhase;
			buildActionMask = 2147483647;
			files = (
				18B8D0A729A3698500867EF2 /* ViewController.swift in Sources */,
				18B8D0BE29A369D900867EF2 /* VideoModel.swift in Sources */,
				18B8D0BC29A369D900867EF2 /* TiktokColCVC.swift in Sources */,
				18B8D0C029A369D900867EF2 /* TiktokVC.swift in Sources */,
				18B8D0A329A3698500867EF2 /* AppDelegate.swift in Sources */,
				18B8D0A529A3698500867EF2 /* SceneDelegate.swift in Sources */,
			);
			runOnlyForDeploymentPostprocessing = 0;
		};
/* End PBXSourcesBuildPhase section */

/* Begin PBXVariantGroup section */
		18B8D0A829A3698500867EF2 /* Main.storyboard */ = {
			isa = PBXVariantGroup;
			children = (
				18B8D0A929A3698500867EF2 /* Base */,
			);
			name = Main.storyboard;
			sourceTree = "<group>";
		};
		18B8D0AD29A3698800867EF2 /* LaunchScreen.storyboard */ = {
			isa = PBXVariantGroup;
			children = (
				18B8D0AE29A3698800867EF2 /* Base */,
			);
			name = LaunchScreen.storyboard;
			sourceTree = "<group>";
		};
/* End PBXVariantGroup section */

/* Begin XCBuildConfiguration section */
		18B8D0B129A3698800867EF2 /* Debug */ = {
			isa = XCBuildConfiguration;
			buildSettings = {
				ALWAYS_SEARCH_USER_PATHS = NO;
				CLANG_ANALYZER_NONNULL = YES;
				CLANG_ANALYZER_NUMBER_OBJECT_CONVERSION = YES_AGGRESSIVE;
				CLANG_CXX_LANGUAGE_STANDARD = "gnu++20";
				CLANG_ENABLE_MODULES = YES;
				CLANG_ENABLE_OBJC_ARC = YES;
				CLANG_ENABLE_OBJC_WEAK = YES;
				CLANG_WARN_BLOCK_CAPTURE_AUTORELEASING = YES;
				CLANG_WARN_BOOL_CONVERSION = YES;
				CLANG_WARN_COMMA = YES;
				CLANG_WARN_CONSTANT_CONVERSION = YES;
				CLANG_WARN_DEPRECATED_OBJC_IMPLEMENTATIONS = YES;
				CLANG_WARN_DIRECT_OBJC_ISA_USAGE = YES_ERROR;
				CLANG_WARN_DOCUMENTATION_COMMENTS = YES;
				CLANG_WARN_EMPTY_BODY = YES;
				CLANG_WARN_ENUM_CONVERSION = YES;
				CLANG_WARN_INFINITE_RECURSION = YES;
				CLANG_WARN_INT_CONVERSION = YES;
				CLANG_WARN_NON_LITERAL_NULL_CONVERSION = YES;
				CLANG_WARN_OBJC_IMPLICIT_RETAIN_SELF = YES;
				CLANG_WARN_OBJC_LITERAL_CONVERSION = YES;
				CLANG_WARN_OBJC_ROOT_CLASS = YES_ERROR;
				CLANG_WARN_QUOTED_INCLUDE_IN_FRAMEWORK_HEADER = YES;
				CLANG_WARN_RANGE_LOOP_ANALYSIS = YES;
				CLANG_WARN_STRICT_PROTOTYPES = YES;
				CLANG_WARN_SUSPICIOUS_MOVE = YES;
				CLANG_WARN_UNGUARDED_AVAILABILITY = YES_AGGRESSIVE;
				CLANG_WARN_UNREACHABLE_CODE = YES;
				CLANG_WARN__DUPLICATE_METHOD_MATCH = YES;
				COPY_PHASE_STRIP = NO;
				DEBUG_INFORMATION_FORMAT = dwarf;
				ENABLE_STRICT_OBJC_MSGSEND = YES;
				ENABLE_TESTABILITY = YES;
				GCC_C_LANGUAGE_STANDARD = gnu11;
				GCC_DYNAMIC_NO_PIC = NO;
				GCC_NO_COMMON_BLOCKS = YES;
				GCC_OPTIMIZATION_LEVEL = 0;
				GCC_PREPROCESSOR_DEFINITIONS = (
					"DEBUG=1",
					"$(inherited)",
				);
				GCC_WARN_64_TO_32_BIT_CONVERSION = YES;
				GCC_WARN_ABOUT_RETURN_TYPE = YES_ERROR;
				GCC_WARN_UNDECLARED_SELECTOR = YES;
				GCC_WARN_UNINITIALIZED_AUTOS = YES_AGGRESSIVE;
				GCC_WARN_UNUSED_FUNCTION = YES;
				GCC_WARN_UNUSED_VARIABLE = YES;
				IPHONEOS_DEPLOYMENT_TARGET = 16.0;
				MTL_ENABLE_DEBUG_INFO = INCLUDE_SOURCE;
				MTL_FAST_MATH = YES;
				ONLY_ACTIVE_ARCH = YES;
				SDKROOT = iphoneos;
				SWIFT_ACTIVE_COMPILATION_CONDITIONS = DEBUG;
				SWIFT_OPTIMIZATION_LEVEL = "-Onone";
			};
			name = Debug;
		};
		18B8D0B229A3698800867EF2 /* Release */ = {
			isa = XCBuildConfiguration;
			buildSettings = {
				ALWAYS_SEARCH_USER_PATHS = NO;
				CLANG_ANALYZER_NONNULL = YES;
				CLANG_ANALYZER_NUMBER_OBJECT_CONVERSION = YES_AGGRESSIVE;
				CLANG_CXX_LANGUAGE_STANDARD = "gnu++20";
				CLANG_ENABLE_MODULES = YES;
				CLANG_ENABLE_OBJC_ARC = YES;
				CLANG_ENABLE_OBJC_WEAK = YES;
				CLANG_WARN_BLOCK_CAPTURE_AUTORELEASING = YES;
				CLANG_WARN_BOOL_CONVERSION = YES;
				CLANG_WARN_COMMA = YES;
				CLANG_WARN_CONSTANT_CONVERSION = YES;
				CLANG_WARN_DEPRECATED_OBJC_IMPLEMENTATIONS = YES;
				CLANG_WARN_DIRECT_OBJC_ISA_USAGE = YES_ERROR;
				CLANG_WARN_DOCUMENTATION_COMMENTS = YES;
				CLANG_WARN_EMPTY_BODY = YES;
				CLANG_WARN_ENUM_CONVERSION = YES;
				CLANG_WARN_INFINITE_RECURSION = YES;
				CLANG_WARN_INT_CONVERSION = YES;
				CLANG_WARN_NON_LITERAL_NULL_CONVERSION = YES;
				CLANG_WARN_OBJC_IMPLICIT_RETAIN_SELF = YES;
				CLANG_WARN_OBJC_LITERAL_CONVERSION = YES;
				CLANG_WARN_OBJC_ROOT_CLASS = YES_ERROR;
				CLANG_WARN_QUOTED_INCLUDE_IN_FRAMEWORK_HEADER = YES;
				CLANG_WARN_RANGE_LOOP_ANALYSIS = YES;
				CLANG_WARN_STRICT_PROTOTYPES = YES;
				CLANG_WARN_SUSPICIOUS_MOVE = YES;
				CLANG_WARN_UNGUARDED_AVAILABILITY = YES_AGGRESSIVE;
				CLANG_WARN_UNREACHABLE_CODE = YES;
				CLANG_WARN__DUPLICATE_METHOD_MATCH = YES;
				COPY_PHASE_STRIP = NO;
				DEBUG_INFORMATION_FORMAT = "dwarf-with-dsym";
				ENABLE_NS_ASSERTIONS = NO;
				ENABLE_STRICT_OBJC_MSGSEND = YES;
				GCC_C_LANGUAGE_STANDARD = gnu11;
				GCC_NO_COMMON_BLOCKS = YES;
				GCC_WARN_64_TO_32_BIT_CONVERSION = YES;
				GCC_WARN_ABOUT_RETURN_TYPE = YES_ERROR;
				GCC_WARN_UNDECLARED_SELECTOR = YES;
				GCC_WARN_UNINITIALIZED_AUTOS = YES_AGGRESSIVE;
				GCC_WARN_UNUSED_FUNCTION = YES;
				GCC_WARN_UNUSED_VARIABLE = YES;
				IPHONEOS_DEPLOYMENT_TARGET = 16.0;
				MTL_ENABLE_DEBUG_INFO = NO;
				MTL_FAST_MATH = YES;
				SDKROOT = iphoneos;
				SWIFT_COMPILATION_MODE = wholemodule;
				SWIFT_OPTIMIZATION_LEVEL = "-O";
				VALIDATE_PRODUCT = YES;
			};
			name = Release;
		};
		18B8D0B429A3698800867EF2 /* Debug */ = {
			isa = XCBuildConfiguration;
			baseConfigurationReference = 2342CF166A621719434F2159 /* Pods-TikTok.debug.xcconfig */;
			buildSettings = {
				ASSETCATALOG_COMPILER_APPICON_NAME = AppIcon;
				ASSETCATALOG_COMPILER_GLOBAL_ACCENT_COLOR_NAME = AccentColor;
				CODE_SIGN_STYLE = Automatic;
				CURRENT_PROJECT_VERSION = 1;
				GENERATE_INFOPLIST_FILE = YES;
				INFOPLIST_FILE = TikTok/Info.plist;
				INFOPLIST_KEY_UIApplicationSupportsIndirectInputEvents = YES;
				INFOPLIST_KEY_UILaunchStoryboardName = LaunchScreen;
				INFOPLIST_KEY_UIMainStoryboardFile = Main;
				INFOPLIST_KEY_UISupportedInterfaceOrientations_iPad = "UIInterfaceOrientationPortrait UIInterfaceOrientationPortraitUpsideDown UIInterfaceOrientationLandscapeLeft UIInterfaceOrientationLandscapeRight";
				INFOPLIST_KEY_UISupportedInterfaceOrientations_iPhone = "UIInterfaceOrientationPortrait UIInterfaceOrientationLandscapeLeft UIInterfaceOrientationLandscapeRight";
				IPHONEOS_DEPLOYMENT_TARGET = 13.0;
				LD_RUNPATH_SEARCH_PATHS = (
					"$(inherited)",
					"@executable_path/Frameworks",
				);
				MARKETING_VERSION = 1.0;
				PRODUCT_BUNDLE_IDENTIFIER = com.testBosch.TikTok;
				PRODUCT_NAME = "$(TARGET_NAME)";
				SWIFT_EMIT_LOC_STRINGS = YES;
				SWIFT_VERSION = 5.0;
				TARGETED_DEVICE_FAMILY = "1,2";
			};
			name = Debug;
		};
		18B8D0B529A3698800867EF2 /* Release */ = {
			isa = XCBuildConfiguration;
			baseConfigurationReference = 947961FBB0821783E3BAC0DE /* Pods-TikTok.release.xcconfig */;
			buildSettings = {
				ASSETCATALOG_COMPILER_APPICON_NAME = AppIcon;
				ASSETCATALOG_COMPILER_GLOBAL_ACCENT_COLOR_NAME = AccentColor;
				CODE_SIGN_STYLE = Automatic;
				CURRENT_PROJECT_VERSION = 1;
				GENERATE_INFOPLIST_FILE = YES;
				INFOPLIST_FILE = TikTok/Info.plist;
				INFOPLIST_KEY_UIApplicationSupportsIndirectInputEvents = YES;
				INFOPLIST_KEY_UILaunchStoryboardName = LaunchScreen;
				INFOPLIST_KEY_UIMainStoryboardFile = Main;
				INFOPLIST_KEY_UISupportedInterfaceOrientations_iPad = "UIInterfaceOrientationPortrait UIInterfaceOrientationPortraitUpsideDown UIInterfaceOrientationLandscapeLeft UIInterfaceOrientationLandscapeRight";
				INFOPLIST_KEY_UISupportedInterfaceOrientations_iPhone = "UIInterfaceOrientationPortrait UIInterfaceOrientationLandscapeLeft UIInterfaceOrientationLandscapeRight";
				IPHONEOS_DEPLOYMENT_TARGET = 13.0;
				LD_RUNPATH_SEARCH_PATHS = (
					"$(inherited)",
					"@executable_path/Frameworks",
				);
				MARKETING_VERSION = 1.0;
				PRODUCT_BUNDLE_IDENTIFIER = com.testBosch.TikTok;
				PRODUCT_NAME = "$(TARGET_NAME)";
				SWIFT_EMIT_LOC_STRINGS = YES;
				SWIFT_VERSION = 5.0;
				TARGETED_DEVICE_FAMILY = "1,2";
			};
			name = Release;
		};
/* End XCBuildConfiguration section */

/* Begin XCConfigurationList section */
		18B8D09A29A3698500867EF2 /* Build configuration list for PBXProject "TikTok" */ = {
			isa = XCConfigurationList;
			buildConfigurations = (
				18B8D0B129A3698800867EF2 /* Debug */,
				18B8D0B229A3698800867EF2 /* Release */,
			);
			defaultConfigurationIsVisible = 0;
			defaultConfigurationName = Release;
		};
		18B8D0B329A3698800867EF2 /* Build configuration list for PBXNativeTarget "TikTok" */ = {
			isa = XCConfigurationList;
			buildConfigurations = (
				18B8D0B429A3698800867EF2 /* Debug */,
				18B8D0B529A3698800867EF2 /* Release */,
			);
			defaultConfigurationIsVisible = 0;
			defaultConfigurationName = Release;
		};
/* End XCConfigurationList section */
	};
	rootObject = 18B8D09729A3698500867EF2 /* Project object */;
}
